{
  "nodes": {
    "home-manager": {
      "inputs": {
        "nixpkgs": [
          "nixpkgs"
        ]
      },
      "locked": {
        "lastModified": 1683651229,
        "narHash": "sha256-HN0Mw8g1XQIrcdyzqT00YW0Uqi/V/BUUUAgvcK1pcSM=",
        "owner": "nix-community",
        "repo": "home-manager",
        "rev": "983f8a1bb965b261492123cd8e2d07da46d4d50a",
        "type": "github"
      },
      "original": {
        "owner": "nix-community",
        "repo": "home-manager",
        "type": "github"
      }
    },
    "nixpkgs": {
      "locked": {
        "lastModified": 1683758733,
        "narHash": "sha256-PFfl/fv4qL8Lb6qBHz4YkUFXuSwJpfmO2yRLbzyWBi0=",
        "owner": "NixOS",
        "repo": "nixpkgs",
        "rev": "6034ebb9ff1c4694fc8ac31ddef76e3590d08241",
        "type": "github"
      },
      "original": {
        "owner": "NixOS",
        "repo": "nixpkgs",
        "type": "github"
      }
    },
    "root": {
      "inputs": {
        "home-manager": "home-manager",
        "nixpkgs": "nixpkgs"
      }
    }
  },
  "root": "root",
  "version": 7
}
